// !$*UTF8*$!
{
	archiveVersion = 1;
	classes = {
	};
	objectVersion = 46;
	objects = {

/* Begin PBXBuildFile section */
		5302BBB51C16CCFA00978217 /* ZHHttpManager+Cache.m in Sources */ = {isa = PBXBuildFile; fileRef = 5302BBB41C16CCFA00978217 /* ZHHttpManager+Cache.m */; };
		535142661C1665FE00599117 /* main.m in Sources */ = {isa = PBXBuildFile; fileRef = 535142651C1665FE00599117 /* main.m */; };
		535142691C1665FE00599117 /* AppDelegate.m in Sources */ = {isa = PBXBuildFile; fileRef = 535142681C1665FE00599117 /* AppDelegate.m */; };
		5351426C1C1665FE00599117 /* ViewController.m in Sources */ = {isa = PBXBuildFile; fileRef = 5351426B1C1665FE00599117 /* ViewController.m */; };
		5351426F1C1665FE00599117 /* Main.storyboard in Resources */ = {isa = PBXBuildFile; fileRef = 5351426D1C1665FE00599117 /* Main.storyboard */; };
		535142711C1665FE00599117 /* Assets.xcassets in Resources */ = {isa = PBXBuildFile; fileRef = 535142701C1665FE00599117 /* Assets.xcassets */; };
		535142741C1665FE00599117 /* LaunchScreen.storyboard in Resources */ = {isa = PBXBuildFile; fileRef = 535142721C1665FE00599117 /* LaunchScreen.storyboard */; };
		5351427F1C1665FE00599117 /* testTests.m in Sources */ = {isa = PBXBuildFile; fileRef = 5351427E1C1665FE00599117 /* testTests.m */; };
		5351428A1C1665FE00599117 /* testUITests.m in Sources */ = {isa = PBXBuildFile; fileRef = 535142891C1665FE00599117 /* testUITests.m */; };
		53F81DA01C1679AD00FA880B /* ZHHttpManager.m in Sources */ = {isa = PBXBuildFile; fileRef = 53F81D9F1C1679AD00FA880B /* ZHHttpManager.m */; };
		7FA347CCD7FEACEA3A9F7584 /* libPods.a in Frameworks */ = {isa = PBXBuildFile; fileRef = AB6819015A3C6DA805FEE535 /* libPods.a */; };
/* End PBXBuildFile section */

/* Begin PBXContainerItemProxy section */
		5351427B1C1665FE00599117 /* PBXContainerItemProxy */ = {
			isa = PBXContainerItemProxy;
			containerPortal = 535142591C1665FE00599117 /* Project object */;
			proxyType = 1;
			remoteGlobalIDString = 535142601C1665FE00599117;
			remoteInfo = test;
		};
		535142861C1665FE00599117 /* PBXContainerItemProxy */ = {
			isa = PBXContainerItemProxy;
			containerPortal = 535142591C1665FE00599117 /* Project object */;
			proxyType = 1;
			remoteGlobalIDString = 535142601C1665FE00599117;
			remoteInfo = test;
		};
/* End PBXContainerItemProxy section */

/* Begin PBXFileReference section */
		05AC77204D69F4D7ABA35E45 /* Pods.release.xcconfig */ = {isa = PBXFileReference; includeInIndex = 1; lastKnownFileType = text.xcconfig; name = Pods.release.xcconfig; path = "Pods/Target Support Files/Pods/Pods.release.xcconfig"; sourceTree = "<group>"; };
		248001209B6A21228CEE06A9 /* Pods.debug.xcconfig */ = {isa = PBXFileReference; includeInIndex = 1; lastKnownFileType = text.xcconfig; name = Pods.debug.xcconfig; path = "Pods/Target Support Files/Pods/Pods.debug.xcconfig"; sourceTree = "<group>"; };
		5302BBB31C16CCFA00978217 /* ZHHttpManager+Cache.h */ = {isa = PBXFileReference; fileEncoding = 4; lastKnownFileType = sourcecode.c.h; path = "ZHHttpManager+Cache.h"; sourceTree = "<group>"; };
		5302BBB41C16CCFA00978217 /* ZHHttpManager+Cache.m */ = {isa = PBXFileReference; fileEncoding = 4; lastKnownFileType = sourcecode.c.objc; path = "ZHHttpManager+Cache.m"; sourceTree = "<group>"; };
		535142611C1665FE00599117 /* test.app */ = {isa = PBXFileReference; explicitFileType = wrapper.application; includeInIndex = 0; path = test.app; sourceTree = BUILT_PRODUCTS_DIR; };
		535142651C1665FE00599117 /* main.m */ = {isa = PBXFileReference; lastKnownFileType = sourcecode.c.objc; path = main.m; sourceTree = "<group>"; };
		535142671C1665FE00599117 /* AppDelegate.h */ = {isa = PBXFileReference; lastKnownFileType = sourcecode.c.h; path = AppDelegate.h; sourceTree = "<group>"; };
		535142681C1665FE00599117 /* AppDelegate.m */ = {isa = PBXFileReference; lastKnownFileType = sourcecode.c.objc; path = AppDelegate.m; sourceTree = "<group>"; };
		5351426A1C1665FE00599117 /* ViewController.h */ = {isa = PBXFileReference; lastKnownFileType = sourcecode.c.h; path = ViewController.h; sourceTree = "<group>"; };
		5351426B1C1665FE00599117 /* ViewController.m */ = {isa = PBXFileReference; lastKnownFileType = sourcecode.c.objc; path = ViewController.m; sourceTree = "<group>"; };
		5351426E1C1665FE00599117 /* Base */ = {isa = PBXFileReference; lastKnownFileType = file.storyboard; name = Base; path = Base.lproj/Main.storyboard; sourceTree = "<group>"; };
		535142701C1665FE00599117 /* Assets.xcassets */ = {isa = PBXFileReference; lastKnownFileType = folder.assetcatalog; path = Assets.xcassets; sourceTree = "<group>"; };
		535142731C1665FE00599117 /* Base */ = {isa = PBXFileReference; lastKnownFileType = file.storyboard; name = Base; path = Base.lproj/LaunchScreen.storyboard; sourceTree = "<group>"; };
		535142751C1665FE00599117 /* Info.plist */ = {isa = PBXFileReference; lastKnownFileType = text.plist.xml; path = Info.plist; sourceTree = "<group>"; };
		5351427A1C1665FE00599117 /* testTests.xctest */ = {isa = PBXFileReference; explicitFileType = wrapper.cfbundle; includeInIndex = 0; path = testTests.xctest; sourceTree = BUILT_PRODUCTS_DIR; };
		5351427E1C1665FE00599117 /* testTests.m */ = {isa = PBXFileReference; lastKnownFileType = sourcecode.c.objc; path = testTests.m; sourceTree = "<group>"; };
		535142801C1665FE00599117 /* Info.plist */ = {isa = PBXFileReference; lastKnownFileType = text.plist.xml; path = Info.plist; sourceTree = "<group>"; };
		535142851C1665FE00599117 /* testUITests.xctest */ = {isa = PBXFileReference; explicitFileType = wrapper.cfbundle; includeInIndex = 0; path = testUITests.xctest; sourceTree = BUILT_PRODUCTS_DIR; };
		535142891C1665FE00599117 /* testUITests.m */ = {isa = PBXFileReference; lastKnownFileType = sourcecode.c.objc; path = testUITests.m; sourceTree = "<group>"; };
		5351428B1C1665FE00599117 /* Info.plist */ = {isa = PBXFileReference; lastKnownFileType = text.plist.xml; path = Info.plist; sourceTree = "<group>"; };
		53F81D9E1C1679AD00FA880B /* ZHHttpManager.h */ = {isa = PBXFileReference; fileEncoding = 4; lastKnownFileType = sourcecode.c.h; path = ZHHttpManager.h; sourceTree = "<group>"; };
		53F81D9F1C1679AD00FA880B /* ZHHttpManager.m */ = {isa = PBXFileReference; fileEncoding = 4; lastKnownFileType = sourcecode.c.objc; path = ZHHttpManager.m; sourceTree = "<group>"; };
		AB6819015A3C6DA805FEE535 /* libPods.a */ = {isa = PBXFileReference; explicitFileType = archive.ar; includeInIndex = 0; path = libPods.a; sourceTree = BUILT_PRODUCTS_DIR; };
/* End PBXFileReference section */

/* Begin PBXFrameworksBuildPhase section */
		5351425E1C1665FE00599117 /* Frameworks */ = {
			isa = PBXFrameworksBuildPhase;
			buildActionMask = 2147483647;
			files = (
				7FA347CCD7FEACEA3A9F7584 /* libPods.a in Frameworks */,
			);
			runOnlyForDeploymentPostprocessing = 0;
		};
		535142771C1665FE00599117 /* Frameworks */ = {
			isa = PBXFrameworksBuildPhase;
			buildActionMask = 2147483647;
			files = (
			);
			runOnlyForDeploymentPostprocessing = 0;
		};
		535142821C1665FE00599117 /* Frameworks */ = {
			isa = PBXFrameworksBuildPhase;
			buildActionMask = 2147483647;
			files = (
			);
			runOnlyForDeploymentPostprocessing = 0;
		};
/* End PBXFrameworksBuildPhase section */

/* Begin PBXGroup section */
		443478AD0753ACC924CBEEFE /* Pods */ = {
			isa = PBXGroup;
			children = (
				248001209B6A21228CEE06A9 /* Pods.debug.xcconfig */,
				05AC77204D69F4D7ABA35E45 /* Pods.release.xcconfig */,
			);
			name = Pods;
			sourceTree = "<group>";
		};
		535142581C1665FE00599117 = {
			isa = PBXGroup;
			children = (
				535142631C1665FE00599117 /* test */,
				5351427D1C1665FE00599117 /* testTests */,
				535142881C1665FE00599117 /* testUITests */,
				535142621C1665FE00599117 /* Products */,
				443478AD0753ACC924CBEEFE /* Pods */,
				919554CD835AF9C798E4438D /* Frameworks */,
			);
			sourceTree = "<group>";
		};
		535142621C1665FE00599117 /* Products */ = {
			isa = PBXGroup;
			children = (
				535142611C1665FE00599117 /* test.app */,
				5351427A1C1665FE00599117 /* testTests.xctest */,
				535142851C1665FE00599117 /* testUITests.xctest */,
			);
			name = Products;
			sourceTree = "<group>";
		};
		535142631C1665FE00599117 /* test */ = {
			isa = PBXGroup;
			children = (
				535142671C1665FE00599117 /* AppDelegate.h */,
				535142681C1665FE00599117 /* AppDelegate.m */,
				5351426A1C1665FE00599117 /* ViewController.h */,
				5351426B1C1665FE00599117 /* ViewController.m */,
				5351426D1C1665FE00599117 /* Main.storyboard */,
				535142701C1665FE00599117 /* Assets.xcassets */,
				535142721C1665FE00599117 /* LaunchScreen.storyboard */,
				535142751C1665FE00599117 /* Info.plist */,
				535142641C1665FE00599117 /* Supporting Files */,
				53F81D9E1C1679AD00FA880B /* ZHHttpManager.h */,
				53F81D9F1C1679AD00FA880B /* ZHHttpManager.m */,
				5302BBB31C16CCFA00978217 /* ZHHttpManager+Cache.h */,
				5302BBB41C16CCFA00978217 /* ZHHttpManager+Cache.m */,
			);
			path = test;
			sourceTree = "<group>";
		};
		535142641C1665FE00599117 /* Supporting Files */ = {
			isa = PBXGroup;
			children = (
				535142651C1665FE00599117 /* main.m */,
			);
			name = "Supporting Files";
			sourceTree = "<group>";
		};
		5351427D1C1665FE00599117 /* testTests */ = {
			isa = PBXGroup;
			children = (
				5351427E1C1665FE00599117 /* testTests.m */,
				535142801C1665FE00599117 /* Info.plist */,
			);
			path = testTests;
			sourceTree = "<group>";
		};
		535142881C1665FE00599117 /* testUITests */ = {
			isa = PBXGroup;
			children = (
				535142891C1665FE00599117 /* testUITests.m */,
				5351428B1C1665FE00599117 /* Info.plist */,
			);
			path = testUITests;
			sourceTree = "<group>";
		};
		919554CD835AF9C798E4438D /* Frameworks */ = {
			isa = PBXGroup;
			children = (
				AB6819015A3C6DA805FEE535 /* libPods.a */,
			);
			name = Frameworks;
			sourceTree = "<group>";
		};
/* End PBXGroup section */

/* Begin PBXNativeTarget section */
		535142601C1665FE00599117 /* test */ = {
			isa = PBXNativeTarget;
			buildConfigurationList = 5351428E1C1665FE00599117 /* Build configuration list for PBXNativeTarget "test" */;
			buildPhases = (
				076B3054578DBE694573142C /* Check Pods Manifest.lock */,
				5351425D1C1665FE00599117 /* Sources */,
				5351425E1C1665FE00599117 /* Frameworks */,
				5351425F1C1665FE00599117 /* Resources */,
				9C5A28238A52155C065650EE /* Copy Pods Resources */,
			);
			buildRules = (
			);
			dependencies = (
			);
			name = test;
			productName = test;
			productReference = 535142611C1665FE00599117 /* test.app */;
			productType = "com.apple.product-type.application";
		};
		535142791C1665FE00599117 /* testTests */ = {
			isa = PBXNativeTarget;
			buildConfigurationList = 535142911C1665FE00599117 /* Build configuration list for PBXNativeTarget "testTests" */;
			buildPhases = (
				535142761C1665FE00599117 /* Sources */,
				535142771C1665FE00599117 /* Frameworks */,
				535142781C1665FE00599117 /* Resources */,
			);
			buildRules = (
			);
			dependencies = (
				5351427C1C1665FE00599117 /* PBXTargetDependency */,
			);
			name = testTests;
			productName = testTests;
			productReference = 5351427A1C1665FE00599117 /* testTests.xctest */;
			productType = "com.apple.product-type.bundle.unit-test";
		};
		535142841C1665FE00599117 /* testUITests */ = {
			isa = PBXNativeTarget;
			buildConfigurationList = 535142941C1665FE00599117 /* Build configuration list for PBXNativeTarget "testUITests" */;
			buildPhases = (
				535142811C1665FE00599117 /* Sources */,
				535142821C1665FE00599117 /* Frameworks */,
				535142831C1665FE00599117 /* Resources */,
			);
			buildRules = (
			);
			dependencies = (
				535142871C1665FE00599117 /* PBXTargetDependency */,
			);
			name = testUITests;
			productName = testUITests;
			productReference = 535142851C1665FE00599117 /* testUITests.xctest */;
			productType = "com.apple.product-type.bundle.ui-testing";
		};
/* End PBXNativeTarget section */

/* Begin PBXProject section */
		535142591C1665FE00599117 /* Project object */ = {
			isa = PBXProject;
			attributes = {
				LastUpgradeCheck = 0710;
				ORGANIZATIONNAME = AdminZhiHua;
				TargetAttributes = {
					535142601C1665FE00599117 = {
						CreatedOnToolsVersion = 7.1.1;
						DevelopmentTeam = GK3N99SLCA;
					};
					535142791C1665FE00599117 = {
						CreatedOnToolsVersion = 7.1.1;
						TestTargetID = 535142601C1665FE00599117;
					};
					535142841C1665FE00599117 = {
						CreatedOnToolsVersion = 7.1.1;
						TestTargetID = 535142601C1665FE00599117;
					};
				};
			};
			buildConfigurationList = 5351425C1C1665FE00599117 /* Build configuration list for PBXProject "test" */;
			compatibilityVersion = "Xcode 3.2";
			developmentRegion = English;
			hasScannedForEncodings = 0;
			knownRegions = (
				en,
				Base,
			);
			mainGroup = 535142581C1665FE00599117;
			productRefGroup = 535142621C1665FE00599117 /* Products */;
			projectDirPath = "";
			projectRoot = "";
			targets = (
				535142601C1665FE00599117 /* test */,
				535142791C1665FE00599117 /* testTests */,
				535142841C1665FE00599117 /* testUITests */,
			);
		};
/* End PBXProject section */

/* Begin PBXResourcesBuildPhase section */
		5351425F1C1665FE00599117 /* Resources */ = {
			isa = PBXResourcesBuildPhase;
			buildActionMask = 2147483647;
			files = (
				535142741C1665FE00599117 /* LaunchScreen.storyboard in Resources */,
				535142711C1665FE00599117 /* Assets.xcassets in Resources */,
				5351426F1C1665FE00599117 /* Main.storyboard in Resources */,
			);
			runOnlyForDeploymentPostprocessing = 0;
		};
		535142781C1665FE00599117 /* Resources */ = {
			isa = PBXResourcesBuildPhase;
			buildActionMask = 2147483647;
			files = (
			);
			runOnlyForDeploymentPostprocessing = 0;
		};
		535142831C1665FE00599117 /* Resources */ = {
			isa = PBXResourcesBuildPhase;
			buildActionMask = 2147483647;
			files = (
			);
			runOnlyForDeploymentPostprocessing = 0;
		};
/* End PBXResourcesBuildPhase section */

/* Begin PBXShellScriptBuildPhase section */
		076B3054578DBE694573142C /* Check Pods Manifest.lock */ = {
			isa = PBXShellScriptBuildPhase;
			buildActionMask = 2147483647;
			files = (
			);
			inputPaths = (
			);
			name = "Check Pods Manifest.lock";
			outputPaths = (
			);
			runOnlyForDeploymentPostprocessing = 0;
			shellPath = /bin/sh;
			shellScript = "diff \"${PODS_ROOT}/../Podfile.lock\" \"${PODS_ROOT}/Manifest.lock\" > /dev/null\nif [[ $? != 0 ]] ; then\n    cat << EOM\nerror: The sandbox is not in sync with the Podfile.lock. Run 'pod install' or update your CocoaPods installation.\nEOM\n    exit 1\nfi\n";
			showEnvVarsInLog = 0;
		};
		9C5A28238A52155C065650EE /* Copy Pods Resources */ = {
			isa = PBXShellScriptBuildPhase;
			buildActionMask = 2147483647;
			files = (
			);
			inputPaths = (
			);
			name = "Copy Pods Resources";
			outputPaths = (
			);
			runOnlyForDeploymentPostprocessing = 0;
			shellPath = /bin/sh;
			shellScript = "\"${SRCROOT}/Pods/Target Support Files/Pods/Pods-resources.sh\"\n";
			showEnvVarsInLog = 0;
		};
/* End PBXShellScriptBuildPhase section */

/* Begin PBXSourcesBuildPhase section */
		5351425D1C1665FE00599117 /* Sources */ = {
			isa = PBXSourcesBuildPhase;
			buildActionMask = 2147483647;
			files = (
				5351426C1C1665FE00599117 /* ViewController.m in Sources */,
				5302BBB51C16CCFA00978217 /* ZHHttpManager+Cache.m in Sources */,
				535142691C1665FE00599117 /* AppDelegate.m in Sources */,
				535142661C1665FE00599117 /* main.m in Sources */,
				53F81DA01C1679AD00FA880B /* ZHHttpManager.m in Sources */,
			);
			runOnlyForDeploymentPostprocessing = 0;
		};
		535142761C1665FE00599117 /* Sources */ = {
			isa = PBXSourcesBuildPhase;
			buildActionMask = 2147483647;
			files = (
				5351427F1C1665FE00599117 /* testTests.m in Sources */,
			);
			runOnlyForDeploymentPostprocessing = 0;
		};
		535142811C1665FE00599117 /* Sources */ = {
			isa = PBXSourcesBuildPhase;
			buildActionMask = 2147483647;
			files = (
				5351428A1C1665FE00599117 /* testUITests.m in Sources */,
			);
			runOnlyForDeploymentPostprocessing = 0;
		};
/* End PBXSourcesBuildPhase section */

/* Begin PBXTargetDependency section */
		5351427C1C1665FE00599117 /* PBXTargetDependency */ = {
			isa = PBXTargetDependency;
			target = 535142601C1665FE00599117 /* test */;
			targetProxy = 5351427B1C1665FE00599117 /* PBXContainerItemProxy */;
		};
		535142871C1665FE00599117 /* PBXTargetDependency */ = {
			isa = PBXTargetDependency;
			target = 535142601C1665FE00599117 /* test */;
			targetProxy = 535142861C1665FE00599117 /* PBXContainerItemProxy */;
		};
/* End PBXTargetDependency section */

/* Begin PBXVariantGroup section */
		5351426D1C1665FE00599117 /* Main.storyboard */ = {
			isa = PBXVariantGroup;
			children = (
				5351426E1C1665FE00599117 /* Base */,
			);
			name = Main.storyboard;
			sourceTree = "<group>";
		};
		535142721C1665FE00599117 /* LaunchScreen.storyboard */ = {
			isa = PBXVariantGroup;
			children = (
				535142731C1665FE00599117 /* Base */,
			);
			name = LaunchScreen.storyboard;
			sourceTree = "<group>";
		};
/* End PBXVariantGroup section */

/* Begin XCBuildConfiguration section */
		5351428C1C1665FE00599117 /* Debug */ = {
			isa = XCBuildConfiguration;
			buildSettings = {
				ALWAYS_SEARCH_USER_PATHS = NO;
				CLANG_CXX_LANGUAGE_STANDARD = "gnu++0x";
				CLANG_CXX_LIBRARY = "libc++";
				CLANG_ENABLE_MODULES = YES;
				CLANG_ENABLE_OBJC_ARC = YES;
				CLANG_WARN_BOOL_CONVERSION = YES;
				CLANG_WARN_CONSTANT_CONVERSION = YES;
				CLANG_WARN_DIRECT_OBJC_ISA_USAGE = YES_ERROR;
				CLANG_WARN_EMPTY_BODY = YES;
				CLANG_WARN_ENUM_CONVERSION = YES;
				CLANG_WARN_INT_CONVERSION = YES;
				CLANG_WARN_OBJC_ROOT_CLASS = YES_ERROR;
				CLANG_WARN_UNREACHABLE_CODE = YES;
				CLANG_WARN__DUPLICATE_METHOD_MATCH = YES;
				"CODE_SIGN_IDENTITY[sdk=iphoneos*]" = "iPhone Developer";
				COPY_PHASE_STRIP = NO;
				DEBUG_INFORMATION_FORMAT = dwarf;
				ENABLE_STRICT_OBJC_MSGSEND = YES;
				ENABLE_TESTABILITY = YES;
				GCC_C_LANGUAGE_STANDARD = gnu99;
				GCC_DYNAMIC_NO_PIC = NO;
				GCC_NO_COMMON_BLOCKS = YES;
				GCC_OPTIMIZATION_LEVEL = 0;
				GCC_PREPROCESSOR_DEFINITIONS = (
					"DEBUG=1",
					"$(inherited)",
				);
				GCC_WARN_64_TO_32_BIT_CONVERSION = YES;
				GCC_WARN_ABOUT_RETURN_TYPE = YES_ERROR;
				GCC_WARN_UNDECLARED_SELECTOR = YES;
				GCC_WARN_UNINITIALIZED_AUTOS = YES_AGGRESSIVE;
				GCC_WARN_UNUSED_FUNCTION = YES;
				GCC_WARN_UNUSED_VARIABLE = YES;
				IPHONEOS_DEPLOYMENT_TARGET = 9.1;
				MTL_ENABLE_DEBUG_INFO = YES;
				ONLY_ACTIVE_ARCH = YES;
				SDKROOT = iphoneos;
				TARGETED_DEVICE_FAMILY = "1,2";
			};
			name = Debug;
		};
		5351428D1C1665FE00599117 /* Release */ = {
			isa = XCBuildConfiguration;
			buildSettings = {
				ALWAYS_SEARCH_USER_PATHS = NO;
				CLANG_CXX_LANGUAGE_STANDARD = "gnu++0x";
				CLANG_CXX_LIBRARY = "libc++";
				CLANG_ENABLE_MODULES = YES;
				CLANG_ENABLE_OBJC_ARC = YES;
				CLANG_WARN_BOOL_CONVERSION = YES;
				CLANG_WARN_CONSTANT_CONVERSION = YES;
				CLANG_WARN_DIRECT_OBJC_ISA_USAGE = YES_ERROR;
				CLANG_WARN_EMPTY_BODY = YES;
				CLANG_WARN_ENUM_CONVERSION = YES;
				CLANG_WARN_INT_CONVERSION = YES;
				CLANG_WARN_OBJC_ROOT_CLASS = YES_ERROR;
				CLANG_WARN_UNREACHABLE_CODE = YES;
				CLANG_WARN__DUPLICATE_METHOD_MATCH = YES;
				"CODE_SIGN_IDENTITY[sdk=iphoneos*]" = "iPhone Developer";
				COPY_PHASE_STRIP = NO;
				DEBUG_INFORMATION_FORMAT = "dwarf-with-dsym";
				ENABLE_NS_ASSERTIONS = NO;
				ENABLE_STRICT_OBJC_MSGSEND = YES;
				GCC_C_LANGUAGE_STANDARD = gnu99;
				GCC_NO_COMMON_BLOCKS = YES;
				GCC_WARN_64_TO_32_BIT_CONVERSION = YES;
				GCC_WARN_ABOUT_RETURN_TYPE = YES_ERROR;
				GCC_WARN_UNDECLARED_SELECTOR = YES;
				GCC_WARN_UNINITIALIZED_AUTOS = YES_AGGRESSIVE;
				GCC_WARN_UNUSED_FUNCTION = YES;
				GCC_WARN_UNUSED_VARIABLE = YES;
				IPHONEOS_DEPLOYMENT_TARGET = 9.1;
				MTL_ENABLE_DEBUG_INFO = NO;
				SDKROOT = iphoneos;
				TARGETED_DEVICE_FAMILY = "1,2";
				VALIDATE_PRODUCT = YES;
			};
			name = Release;
		};
		5351428F1C1665FE00599117 /* Debug */ = {
			isa = XCBuildConfiguration;
			baseConfigurationReference = 248001209B6A21228CEE06A9 /* Pods.debug.xcconfig */;
			buildSettings = {
				ASSETCATALOG_COMPILER_APPICON_NAME = AppIcon;
				CODE_SIGN_IDENTITY = "iPhone Developer";
				INFOPLIST_FILE = test/Info.plist;
				LD_RUNPATH_SEARCH_PATHS = "$(inherited) @executable_path/Frameworks";
				PRODUCT_BUNDLE_IDENTIFIER = com.zhihua.test;
				PRODUCT_NAME = "$(TARGET_NAME)";
			};
			name = Debug;
		};
		535142901C1665FE00599117 /* Release */ = {
			isa = XCBuildConfiguration;
			baseConfigurationReference = 05AC77204D69F4D7ABA35E45 /* Pods.release.xcconfig */;
			buildSettings = {
				ASSETCATALOG_COMPILER_APPICON_NAME = AppIcon;
				CODE_SIGN_IDENTITY = "iPhone Developer";
				INFOPLIST_FILE = test/Info.plist;
				LD_RUNPATH_SEARCH_PATHS = "$(inherited) @executable_path/Frameworks";
				PRODUCT_BUNDLE_IDENTIFIER = com.zhihua.test;
				PRODUCT_NAME = "$(TARGET_NAME)";
			};
			name = Release;
		};
		535142921C1665FE00599117 /* Debug */ = {
			isa = XCBuildConfiguration;
			buildSettings = {
				BUNDLE_LOADER = "$(TEST_HOST)";
				INFOPLIST_FILE = testTests/Info.plist;
				LD_RUNPATH_SEARCH_PATHS = "$(inherited) @executable_path/Frameworks @loader_path/Frameworks";
				PRODUCT_BUNDLE_IDENTIFIER = com.swwy.testTests;
				PRODUCT_NAME = "$(TARGET_NAME)";
				TEST_HOST = "$(BUILT_PRODUCTS_DIR)/test.app/test";
			};
			name = Debug;
		};
		535142931C1665FE00599117 /* Release */ = {
			isa = XCBuildConfiguration;
			buildSettings = {
				BUNDLE_LOADER = "$(TEST_HOST)";
				INFOPLIST_FILE = testTests/Info.plist;
				LD_RUNPATH_SEARCH_PATHS = "$(inherited) @executable_path/Frameworks @loader_path/Frameworks";
				PRODUCT_BUNDLE_IDENTIFIER = com.swwy.testTests;
				PRODUCT_NAME = "$(TARGET_NAME)";
				TEST_HOST = "$(BUILT_PRODUCTS_DIR)/test.app/test";
			};
			name = Release;
		};
		535142951C1665FE00599117 /* Debug */ = {
			isa = XCBuildConfiguration;
			buildSettings = {
				INFOPLIST_FILE = testUITests/Info.plist;
				LD_RUNPATH_SEARCH_PATHS = "$(inherited) @executable_path/Frameworks @loader_path/Frameworks";
				PRODUCT_BUNDLE_IDENTIFIER = com.swwy.testUITests;
				PRODUCT_NAME = "$(TARGET_NAME)";
				TEST_TARGET_NAME = test;
				USES_XCTRUNNER = YES;
			};
			name = Debug;
		};
		535142961C1665FE00599117 /* Release */ = {
			isa = XCBuildConfiguration;
			buildSettings = {
				INFOPLIST_FILE = testUITests/Info.plist;
				LD_RUNPATH_SEARCH_PATHS = "$(inherited) @executable_path/Frameworks @loader_path/Frameworks";
				PRODUCT_BUNDLE_IDENTIFIER = com.swwy.testUITests;
				PRODUCT_NAME = "$(TARGET_NAME)";
				TEST_TARGET_NAME = test;
				USES_XCTRUNNER = YES;
			};
			name = Release;
		};
/* End XCBuildConfiguration section */

/* Begin XCConfigurationList section */
		5351425C1C1665FE00599117 /* Build configuration list for PBXProject "test" */ = {
			isa = XCConfigurationList;
			buildConfigurations = (
				5351428C1C1665FE00599117 /* Debug */,
				5351428D1C1665FE00599117 /* Release */,
			);
			defaultConfigurationIsVisible = 0;
			defaultConfigurationName = Release;
		};
		5351428E1C1665FE00599117 /* Build configuration list for PBXNativeTarget "test" */ = {
			isa = XCConfigurationList;
			buildConfigurations = (
				5351428F1C1665FE00599117 /* Debug */,
				535142901C1665FE00599117 /* Release */,
			);
			defaultConfigurationIsVisible = 0;
			defaultConfigurationName = Release;
		};
		535142911C1665FE00599117 /* Build configuration list for PBXNativeTarget "testTests" */ = {
			isa = XCConfigurationList;
			buildConfigurations = (
				535142921C1665FE00599117 /* Debug */,
				535142931C1665FE00599117 /* Release */,
			);
			defaultConfigurationIsVisible = 0;
			defaultConfigurationName = Release;
		};
		535142941C1665FE00599117 /* Build configuration list for PBXNativeTarget "testUITests" */ = {
			isa = XCConfigurationList;
			buildConfigurations = (
				535142951C1665FE00599117 /* Debug */,
				535142961C1665FE00599117 /* Release */,
			);
			defaultConfigurationIsVisible = 0;
			defaultConfigurationName = Release;
		};
/* End XCConfigurationList section */
	};
	rootObject = 535142591C1665FE00599117 /* Project object */;
}
